
Microsoft Visual Studio Solution File, Format Version 12.00
# Visual Studio 14
VisualStudioVersion = 14.0.25420.1
MinimumVisualStudioVersion = 10.0.40219.1
Project("{FAE04EC0-301F-11D3-BF4B-00C04F79EFBC}") = "MoneyManager", "MoneyManager\MoneyManager.csproj", "{D1AB5ADC-F269-41A8-A406-09199EED0585}"
EndProject
Project("{FAE04EC0-301F-11D3-BF4B-00C04F79EFBC}") = "MoneyManager.ServiceBusServices", "MoneyManager.ServiceBusServices\MoneyManager.ServiceBusServices.csproj", "{2B7EE681-4ABD-428E-BA7B-FD1AACED255A}"
EndProject
Project("{FAE04EC0-301F-11D3-BF4B-00C04F79EFBC}") = "MoneyManager.ServiceBusConsole", "MoneyManager.ServiceBusConsole\MoneyManager.ServiceBusConsole.csproj", "{FC857853-7EB6-4FE4-93E1-D1952784F5D2}"
EndProject
Project("{FAE04EC0-301F-11D3-BF4B-00C04F79EFBC}") = "SimpleLookup", "SimpleLookup\SimpleLookup.csproj", "{B5552E31-5C80-4095-930A-A9827F08A7D8}"
EndProject
Project("{FAE04EC0-301F-11D3-BF4B-00C04F79EFBC}") = "MakeItHappen", "MakeItHappen\MakeItHappen.csproj", "{1008E11D-88F0-44FB-B2D7-BDB06B774C93}"
EndProject
Global
	GlobalSection(SolutionConfigurationPlatforms) = preSolution
		Debug|Any CPU = Debug|Any CPU
		Release|Any CPU = Release|Any CPU
	EndGlobalSection
	GlobalSection(ProjectConfigurationPlatforms) = postSolution
		{D1AB5ADC-F269-41A8-A406-09199EED0585}.Debug|Any CPU.ActiveCfg = Debug|Any CPU
		{D1AB5ADC-F269-41A8-A406-09199EED0585}.Debug|Any CPU.Build.0 = Debug|Any CPU
		{D1AB5ADC-F269-41A8-A406-09199EED0585}.Release|Any CPU.ActiveCfg = Release|Any CPU
		{D1AB5ADC-F269-41A8-A406-09199EED0585}.Release|Any CPU.Build.0 = Release|Any CPU
		{2B7EE681-4ABD-428E-BA7B-FD1AACED255A}.Debug|Any CPU.ActiveCfg = Debug|Any CPU
		{2B7EE681-4ABD-428E-BA7B-FD1AACED255A}.Debug|Any CPU.Build.0 = Debug|Any CPU
		{2B7EE681-4ABD-428E-BA7B-FD1AACED255A}.Release|Any CPU.ActiveCfg = Release|Any CPU
		{2B7EE681-4ABD-428E-BA7B-FD1AACED255A}.Release|Any CPU.Build.0 = Release|Any CPU
		{FC857853-7EB6-4FE4-93E1-D1952784F5D2}.Debug|Any CPU.ActiveCfg = Debug|Any CPU
		{FC857853-7EB6-4FE4-93E1-D1952784F5D2}.Debug|Any CPU.Build.0 = Debug|Any CPU
		{FC857853-7EB6-4FE4-93E1-D1952784F5D2}.Release|Any CPU.ActiveCfg = Release|Any CPU
		{FC857853-7EB6-4FE4-93E1-D1952784F5D2}.Release|Any CPU.Build.0 = Release|Any CPU
		{B5552E31-5C80-4095-930A-A9827F08A7D8}.Debug|Any CPU.ActiveCfg = Debug|Any CPU
		{B5552E31-5C80-4095-930A-A9827F08A7D8}.Debug|Any CPU.Build.0 = Debug|Any CPU
		{B5552E31-5C80-4095-930A-A9827F08A7D8}.Release|Any CPU.ActiveCfg = Release|Any CPU
		{B5552E31-5C80-4095-930A-A9827F08A7D8}.Release|Any CPU.Build.0 = Release|Any CPU
		{1008E11D-88F0-44FB-B2D7-BDB06B774C93}.Debug|Any CPU.ActiveCfg = Debug|Any CPU
		{1008E11D-88F0-44FB-B2D7-BDB06B774C93}.Debug|Any CPU.Build.0 = Debug|Any CPU
		{1008E11D-88F0-44FB-B2D7-BDB06B774C93}.Release|Any CPU.ActiveCfg = Release|Any CPU
		{1008E11D-88F0-44FB-B2D7-BDB06B774C93}.Release|Any CPU.Build.0 = Release|Any CPU
	EndGlobalSection
	GlobalSection(SolutionProperties) = preSolution
		HideSolutionNode = FALSE
	EndGlobalSection
EndGlobal
